
Microsoft Visual Studio Solution File, Format Version 12.00
# Visual Studio Version 17
VisualStudioVersion = 17.1.32319.34
MinimumVisualStudioVersion = 10.0.40219.1
Project("{2150E333-8FDC-42A3-9474-1A3956D46DE8}") = "src", "src", "{373ABF3C-1873-491E-AD25-2D6FA5C70765}"
EndProject
Project("{2150E333-8FDC-42A3-9474-1A3956D46DE8}") = "Core", "Core", "{15ABB786-A2AB-4639-9C81-951C618409E0}"
EndProject
Project("{2150E333-8FDC-42A3-9474-1A3956D46DE8}") = "Infraestructure", "Infraestructure", "{A7A01950-3582-4F3E-A710-FC5D65FFA81B}"
EndProject
Project("{2150E333-8FDC-42A3-9474-1A3956D46DE8}") = "Presentation", "Presentation", "{95840B75-69C2-49A2-9D7B-9032CDE29CDE}"
EndProject
Project("{FAE04EC0-301F-11D3-BF4B-00C04F79EFBC}") = "Application", "Application\Application.csproj", "{6612DB0A-D2E0-447A-8672-C60483E28C17}"
EndProject
Project("{FAE04EC0-301F-11D3-BF4B-00C04F79EFBC}") = "Domain", "Domain\Domain.csproj", "{644F5B4E-4680-4D92-BD08-10A7300745CC}"
EndProject
Project("{FAE04EC0-301F-11D3-BF4B-00C04F79EFBC}") = "Persistence", "Persistence\Persistence.csproj", "{7570987E-160B-4713-B964-D1A4C415D3DD}"
EndProject
Project("{FAE04EC0-301F-11D3-BF4B-00C04F79EFBC}") = "Shared", "Shared\Shared.csproj", "{CED536BF-CFE1-42B3-A605-CA8AB2B8304B}"
EndProject
Project("{FAE04EC0-301F-11D3-BF4B-00C04F79EFBC}") = "WebApi", "WebApi\WebApi.csproj", "{0BC6D16F-FE6C-40FA-9117-E39F6DDC66C8}"
EndProject
Global
	GlobalSection(SolutionConfigurationPlatforms) = preSolution
		Debug|Any CPU = Debug|Any CPU
		Release|Any CPU = Release|Any CPU
	EndGlobalSection
	GlobalSection(ProjectConfigurationPlatforms) = postSolution
		{6612DB0A-D2E0-447A-8672-C60483E28C17}.Debug|Any CPU.ActiveCfg = Debug|Any CPU
		{6612DB0A-D2E0-447A-8672-C60483E28C17}.Debug|Any CPU.Build.0 = Debug|Any CPU
		{6612DB0A-D2E0-447A-8672-C60483E28C17}.Release|Any CPU.ActiveCfg = Release|Any CPU
		{6612DB0A-D2E0-447A-8672-C60483E28C17}.Release|Any CPU.Build.0 = Release|Any CPU
		{644F5B4E-4680-4D92-BD08-10A7300745CC}.Debug|Any CPU.ActiveCfg = Debug|Any CPU
		{644F5B4E-4680-4D92-BD08-10A7300745CC}.Debug|Any CPU.Build.0 = Debug|Any CPU
		{644F5B4E-4680-4D92-BD08-10A7300745CC}.Release|Any CPU.ActiveCfg = Release|Any CPU
		{644F5B4E-4680-4D92-BD08-10A7300745CC}.Release|Any CPU.Build.0 = Release|Any CPU
		{7570987E-160B-4713-B964-D1A4C415D3DD}.Debug|Any CPU.ActiveCfg = Debug|Any CPU
		{7570987E-160B-4713-B964-D1A4C415D3DD}.Debug|Any CPU.Build.0 = Debug|Any CPU
		{7570987E-160B-4713-B964-D1A4C415D3DD}.Release|Any CPU.ActiveCfg = Release|Any CPU
		{7570987E-160B-4713-B964-D1A4C415D3DD}.Release|Any CPU.Build.0 = Release|Any CPU
		{CED536BF-CFE1-42B3-A605-CA8AB2B8304B}.Debug|Any CPU.ActiveCfg = Debug|Any CPU
		{CED536BF-CFE1-42B3-A605-CA8AB2B8304B}.Debug|Any CPU.Build.0 = Debug|Any CPU
		{CED536BF-CFE1-42B3-A605-CA8AB2B8304B}.Release|Any CPU.ActiveCfg = Release|Any CPU
		{CED536BF-CFE1-42B3-A605-CA8AB2B8304B}.Release|Any CPU.Build.0 = Release|Any CPU
		{0BC6D16F-FE6C-40FA-9117-E39F6DDC66C8}.Debug|Any CPU.ActiveCfg = Debug|Any CPU
		{0BC6D16F-FE6C-40FA-9117-E39F6DDC66C8}.Debug|Any CPU.Build.0 = Debug|Any CPU
		{0BC6D16F-FE6C-40FA-9117-E39F6DDC66C8}.Release|Any CPU.ActiveCfg = Release|Any CPU
		{0BC6D16F-FE6C-40FA-9117-E39F6DDC66C8}.Release|Any CPU.Build.0 = Release|Any CPU
	EndGlobalSection
	GlobalSection(SolutionProperties) = preSolution
		HideSolutionNode = FALSE
	EndGlobalSection
	GlobalSection(NestedProjects) = preSolution
		{15ABB786-A2AB-4639-9C81-951C618409E0} = {373ABF3C-1873-491E-AD25-2D6FA5C70765}
		{A7A01950-3582-4F3E-A710-FC5D65FFA81B} = {373ABF3C-1873-491E-AD25-2D6FA5C70765}
		{95840B75-69C2-49A2-9D7B-9032CDE29CDE} = {373ABF3C-1873-491E-AD25-2D6FA5C70765}
		{6612DB0A-D2E0-447A-8672-C60483E28C17} = {15ABB786-A2AB-4639-9C81-951C618409E0}
		{644F5B4E-4680-4D92-BD08-10A7300745CC} = {15ABB786-A2AB-4639-9C81-951C618409E0}
		{7570987E-160B-4713-B964-D1A4C415D3DD} = {A7A01950-3582-4F3E-A710-FC5D65FFA81B}
		{CED536BF-CFE1-42B3-A605-CA8AB2B8304B} = {A7A01950-3582-4F3E-A710-FC5D65FFA81B}
		{0BC6D16F-FE6C-40FA-9117-E39F6DDC66C8} = {95840B75-69C2-49A2-9D7B-9032CDE29CDE}
	EndGlobalSection
	GlobalSection(ExtensibilityGlobals) = postSolution
		SolutionGuid = {ECE833BE-BA3C-4D92-B429-F4C1B851B8D3}
	EndGlobalSection
EndGlobal
